// !$*UTF8*$!
{
	archiveVersion = 1;
	classes = {
	};
	objectVersion = 51;
	objects = {

/* Begin PBXBuildFile section */
		17096B18258B768C00B183B7 /* IRC.swift in Sources */ = {isa = PBXBuildFile; fileRef = 17096B17258B768C00B183B7 /* IRC.swift */; };
		17096B20258B7E9500B183B7 /* IRCServerInputParser.swift in Sources */ = {isa = PBXBuildFile; fileRef = 17096B1F258B7E9500B183B7 /* IRCServerInputParser.swift */; };
		4C569C37258B66510040C705 /* ChatViewController.swift in Sources */ = {isa = PBXBuildFile; fileRef = 4C569C36258B66510040C705 /* ChatViewController.swift */; };
		4C69D303258A0D9B0019D033 /* HomeViewController.swift in Sources */ = {isa = PBXBuildFile; fileRef = 4C69D302258A0D9B0019D033 /* HomeViewController.swift */; };
		4C69D319258A30320019D033 /* Cadet.swift in Sources */ = {isa = PBXBuildFile; fileRef = 4C69D318258A30320019D033 /* Cadet.swift */; };
		4C69D33A258A4B720019D033 /* Project.swift in Sources */ = {isa = PBXBuildFile; fileRef = 4C69D339258A4B720019D033 /* Project.swift */; };
		4C69D379258B0D8F0019D033 /* Constants.swift in Sources */ = {isa = PBXBuildFile; fileRef = 4C69D378258B0D8F0019D033 /* Constants.swift */; };
		4CF3641B2588A96300E60F6F /* AppDelegate.swift in Sources */ = {isa = PBXBuildFile; fileRef = 4CF3641A2588A96300E60F6F /* AppDelegate.swift */; };
		4CF3641D2588A96300E60F6F /* SceneDelegate.swift in Sources */ = {isa = PBXBuildFile; fileRef = 4CF3641C2588A96300E60F6F /* SceneDelegate.swift */; };
		4CF3641F2588A96300E60F6F /* MainViewController.swift in Sources */ = {isa = PBXBuildFile; fileRef = 4CF3641E2588A96300E60F6F /* MainViewController.swift */; };
		4CF364222588A96300E60F6F /* Main.storyboard in Resources */ = {isa = PBXBuildFile; fileRef = 4CF364202588A96300E60F6F /* Main.storyboard */; };
		4CF364242588A96400E60F6F /* Assets.xcassets in Resources */ = {isa = PBXBuildFile; fileRef = 4CF364232588A96400E60F6F /* Assets.xcassets */; };
		4CF364272588A96400E60F6F /* LaunchScreen.storyboard in Resources */ = {isa = PBXBuildFile; fileRef = 4CF364252588A96400E60F6F /* LaunchScreen.storyboard */; };
		4CF364322588A96400E60F6F /* BlackHelperTests.swift in Sources */ = {isa = PBXBuildFile; fileRef = 4CF364312588A96400E60F6F /* BlackHelperTests.swift */; };
		4CF3643D2588A96400E60F6F /* BlackHelperUITests.swift in Sources */ = {isa = PBXBuildFile; fileRef = 4CF3643C2588A96400E60F6F /* BlackHelperUITests.swift */; };
		4CF3645A2588CE5200E60F6F /* WebLoginViewController.swift in Sources */ = {isa = PBXBuildFile; fileRef = 4CF364592588CE5200E60F6F /* WebLoginViewController.swift */; };
		4E97CE339911E6B1CF3E1C0F /* Pods_BlackHelper_BlackHelperUITests.framework in Frameworks */ = {isa = PBXBuildFile; fileRef = 70C54EBEC1D9D7B8F8DDA19B /* Pods_BlackHelper_BlackHelperUITests.framework */; };
		552E93AC56857762B758964E /* Pods_BlackHelper.framework in Frameworks */ = {isa = PBXBuildFile; fileRef = 7EFE91C820A6BDD709145BD8 /* Pods_BlackHelper.framework */; };
		7F7A4CF72085FAE347B97092 /* Pods_BlackHelperTests.framework in Frameworks */ = {isa = PBXBuildFile; fileRef = 45F2743B645D2968FACB90C1 /* Pods_BlackHelperTests.framework */; };
/* End PBXBuildFile section */

/* Begin PBXContainerItemProxy section */
		4CF3642E2588A96400E60F6F /* PBXContainerItemProxy */ = {
			isa = PBXContainerItemProxy;
			containerPortal = 4CF3640F2588A96300E60F6F /* Project object */;
			proxyType = 1;
			remoteGlobalIDString = 4CF364162588A96300E60F6F;
			remoteInfo = BlackHelper;
		};
		4CF364392588A96400E60F6F /* PBXContainerItemProxy */ = {
			isa = PBXContainerItemProxy;
			containerPortal = 4CF3640F2588A96300E60F6F /* Project object */;
			proxyType = 1;
			remoteGlobalIDString = 4CF364162588A96300E60F6F;
			remoteInfo = BlackHelper;
		};
/* End PBXContainerItemProxy section */

/* Begin PBXFileReference section */
		17096B17258B768C00B183B7 /* IRC.swift */ = {isa = PBXFileReference; lastKnownFileType = sourcecode.swift; path = IRC.swift; sourceTree = "<group>"; };
		17096B1F258B7E9500B183B7 /* IRCServerInputParser.swift */ = {isa = PBXFileReference; lastKnownFileType = sourcecode.swift; path = IRCServerInputParser.swift; sourceTree = "<group>"; };
		23DBC9D2C81CFA8861AC5741 /* Pods-BlackHelperTests.debug.xcconfig */ = {isa = PBXFileReference; includeInIndex = 1; lastKnownFileType = text.xcconfig; name = "Pods-BlackHelperTests.debug.xcconfig"; path = "Target Support Files/Pods-BlackHelperTests/Pods-BlackHelperTests.debug.xcconfig"; sourceTree = "<group>"; };
		45F2743B645D2968FACB90C1 /* Pods_BlackHelperTests.framework */ = {isa = PBXFileReference; explicitFileType = wrapper.framework; includeInIndex = 0; path = Pods_BlackHelperTests.framework; sourceTree = BUILT_PRODUCTS_DIR; };
		4C569C36258B66510040C705 /* ChatViewController.swift */ = {isa = PBXFileReference; lastKnownFileType = sourcecode.swift; path = ChatViewController.swift; sourceTree = "<group>"; };
		4C69D302258A0D9B0019D033 /* HomeViewController.swift */ = {isa = PBXFileReference; lastKnownFileType = sourcecode.swift; path = HomeViewController.swift; sourceTree = "<group>"; };
		4C69D318258A30320019D033 /* Cadet.swift */ = {isa = PBXFileReference; lastKnownFileType = sourcecode.swift; path = Cadet.swift; sourceTree = "<group>"; };
		4C69D339258A4B720019D033 /* Project.swift */ = {isa = PBXFileReference; lastKnownFileType = sourcecode.swift; path = Project.swift; sourceTree = "<group>"; };
		4C69D378258B0D8F0019D033 /* Constants.swift */ = {isa = PBXFileReference; lastKnownFileType = sourcecode.swift; path = Constants.swift; sourceTree = "<group>"; };
		4CF364172588A96300E60F6F /* BlackHelper.app */ = {isa = PBXFileReference; explicitFileType = wrapper.application; includeInIndex = 0; path = BlackHelper.app; sourceTree = BUILT_PRODUCTS_DIR; };
		4CF3641A2588A96300E60F6F /* AppDelegate.swift */ = {isa = PBXFileReference; lastKnownFileType = sourcecode.swift; path = AppDelegate.swift; sourceTree = "<group>"; };
		4CF3641C2588A96300E60F6F /* SceneDelegate.swift */ = {isa = PBXFileReference; lastKnownFileType = sourcecode.swift; path = SceneDelegate.swift; sourceTree = "<group>"; };
		4CF3641E2588A96300E60F6F /* MainViewController.swift */ = {isa = PBXFileReference; lastKnownFileType = sourcecode.swift; path = MainViewController.swift; sourceTree = "<group>"; };
		4CF364212588A96300E60F6F /* Base */ = {isa = PBXFileReference; lastKnownFileType = file.storyboard; name = Base; path = Base.lproj/Main.storyboard; sourceTree = "<group>"; };
		4CF364232588A96400E60F6F /* Assets.xcassets */ = {isa = PBXFileReference; lastKnownFileType = folder.assetcatalog; path = Assets.xcassets; sourceTree = "<group>"; };
		4CF364262588A96400E60F6F /* Base */ = {isa = PBXFileReference; lastKnownFileType = file.storyboard; name = Base; path = Base.lproj/LaunchScreen.storyboard; sourceTree = "<group>"; };
		4CF364282588A96400E60F6F /* Info.plist */ = {isa = PBXFileReference; lastKnownFileType = text.plist.xml; path = Info.plist; sourceTree = "<group>"; };
		4CF3642D2588A96400E60F6F /* BlackHelperTests.xctest */ = {isa = PBXFileReference; explicitFileType = wrapper.cfbundle; includeInIndex = 0; path = BlackHelperTests.xctest; sourceTree = BUILT_PRODUCTS_DIR; };
		4CF364312588A96400E60F6F /* BlackHelperTests.swift */ = {isa = PBXFileReference; lastKnownFileType = sourcecode.swift; path = BlackHelperTests.swift; sourceTree = "<group>"; };
		4CF364332588A96400E60F6F /* Info.plist */ = {isa = PBXFileReference; lastKnownFileType = text.plist.xml; path = Info.plist; sourceTree = "<group>"; };
		4CF364382588A96400E60F6F /* BlackHelperUITests.xctest */ = {isa = PBXFileReference; explicitFileType = wrapper.cfbundle; includeInIndex = 0; path = BlackHelperUITests.xctest; sourceTree = BUILT_PRODUCTS_DIR; };
		4CF3643C2588A96400E60F6F /* BlackHelperUITests.swift */ = {isa = PBXFileReference; lastKnownFileType = sourcecode.swift; path = BlackHelperUITests.swift; sourceTree = "<group>"; };
		4CF3643E2588A96400E60F6F /* Info.plist */ = {isa = PBXFileReference; lastKnownFileType = text.plist.xml; path = Info.plist; sourceTree = "<group>"; };
		4CF364592588CE5200E60F6F /* WebLoginViewController.swift */ = {isa = PBXFileReference; lastKnownFileType = sourcecode.swift; path = WebLoginViewController.swift; sourceTree = "<group>"; };
		5CC354FE5F23FC4A2C5E8DBE /* Pods-BlackHelperTests.release.xcconfig */ = {isa = PBXFileReference; includeInIndex = 1; lastKnownFileType = text.xcconfig; name = "Pods-BlackHelperTests.release.xcconfig"; path = "Target Support Files/Pods-BlackHelperTests/Pods-BlackHelperTests.release.xcconfig"; sourceTree = "<group>"; };
		5D1CFB1D0DADDE3947B60EA4 /* Pods-BlackHelper.debug.xcconfig */ = {isa = PBXFileReference; includeInIndex = 1; lastKnownFileType = text.xcconfig; name = "Pods-BlackHelper.debug.xcconfig"; path = "Target Support Files/Pods-BlackHelper/Pods-BlackHelper.debug.xcconfig"; sourceTree = "<group>"; };
		5E02B1C0C8A9ABE93B1F6D81 /* Pods-BlackHelper-BlackHelperUITests.debug.xcconfig */ = {isa = PBXFileReference; includeInIndex = 1; lastKnownFileType = text.xcconfig; name = "Pods-BlackHelper-BlackHelperUITests.debug.xcconfig"; path = "Target Support Files/Pods-BlackHelper-BlackHelperUITests/Pods-BlackHelper-BlackHelperUITests.debug.xcconfig"; sourceTree = "<group>"; };
		70C54EBEC1D9D7B8F8DDA19B /* Pods_BlackHelper_BlackHelperUITests.framework */ = {isa = PBXFileReference; explicitFileType = wrapper.framework; includeInIndex = 0; path = Pods_BlackHelper_BlackHelperUITests.framework; sourceTree = BUILT_PRODUCTS_DIR; };
		7EFE91C820A6BDD709145BD8 /* Pods_BlackHelper.framework */ = {isa = PBXFileReference; explicitFileType = wrapper.framework; includeInIndex = 0; path = Pods_BlackHelper.framework; sourceTree = BUILT_PRODUCTS_DIR; };
		AD9ABFCFC5992FB339090CCF /* Pods-BlackHelper-BlackHelperUITests.release.xcconfig */ = {isa = PBXFileReference; includeInIndex = 1; lastKnownFileType = text.xcconfig; name = "Pods-BlackHelper-BlackHelperUITests.release.xcconfig"; path = "Target Support Files/Pods-BlackHelper-BlackHelperUITests/Pods-BlackHelper-BlackHelperUITests.release.xcconfig"; sourceTree = "<group>"; };
		D7F3F93C7208ACF964E6BD92 /* Pods-BlackHelper.release.xcconfig */ = {isa = PBXFileReference; includeInIndex = 1; lastKnownFileType = text.xcconfig; name = "Pods-BlackHelper.release.xcconfig"; path = "Target Support Files/Pods-BlackHelper/Pods-BlackHelper.release.xcconfig"; sourceTree = "<group>"; };
/* End PBXFileReference section */

/* Begin PBXFrameworksBuildPhase section */
		4CF364142588A96300E60F6F /* Frameworks */ = {
			isa = PBXFrameworksBuildPhase;
			buildActionMask = 2147483647;
			files = (
				552E93AC56857762B758964E /* Pods_BlackHelper.framework in Frameworks */,
			);
			runOnlyForDeploymentPostprocessing = 0;
		};
		4CF3642A2588A96400E60F6F /* Frameworks */ = {
			isa = PBXFrameworksBuildPhase;
			buildActionMask = 2147483647;
			files = (
				7F7A4CF72085FAE347B97092 /* Pods_BlackHelperTests.framework in Frameworks */,
			);
			runOnlyForDeploymentPostprocessing = 0;
		};
		4CF364352588A96400E60F6F /* Frameworks */ = {
			isa = PBXFrameworksBuildPhase;
			buildActionMask = 2147483647;
			files = (
				4E97CE339911E6B1CF3E1C0F /* Pods_BlackHelper_BlackHelperUITests.framework in Frameworks */,
			);
			runOnlyForDeploymentPostprocessing = 0;
		};
/* End PBXFrameworksBuildPhase section */

/* Begin PBXGroup section */
		4CF3640E2588A96300E60F6F = {
			isa = PBXGroup;
			children = (
				4CF364192588A96300E60F6F /* BlackHelper */,
				4CF364302588A96400E60F6F /* BlackHelperTests */,
				4CF3643B2588A96400E60F6F /* BlackHelperUITests */,
				4CF364182588A96300E60F6F /* Products */,
				9702F8FBD504C383CAE8A66E /* Pods */,
				CA024B5553062A521360EE29 /* Frameworks */,
			);
			sourceTree = "<group>";
		};
		4CF364182588A96300E60F6F /* Products */ = {
			isa = PBXGroup;
			children = (
				4CF364172588A96300E60F6F /* BlackHelper.app */,
				4CF3642D2588A96400E60F6F /* BlackHelperTests.xctest */,
				4CF364382588A96400E60F6F /* BlackHelperUITests.xctest */,
			);
			name = Products;
			sourceTree = "<group>";
		};
		4CF364192588A96300E60F6F /* BlackHelper */ = {
			isa = PBXGroup;
			children = (
				4CF3641A2588A96300E60F6F /* AppDelegate.swift */,
				4CF3641C2588A96300E60F6F /* SceneDelegate.swift */,
				4C69D318258A30320019D033 /* Cadet.swift */,
				4C69D339258A4B720019D033 /* Project.swift */,
				17096B17258B768C00B183B7 /* IRC.swift */,
				17096B1F258B7E9500B183B7 /* IRCServerInputParser.swift */,
				4C69D378258B0D8F0019D033 /* Constants.swift */,
				4CF3641E2588A96300E60F6F /* MainViewController.swift */,
				4CF364592588CE5200E60F6F /* WebLoginViewController.swift */,
				4C69D302258A0D9B0019D033 /* HomeViewController.swift */,
				4C569C36258B66510040C705 /* ChatViewController.swift */,
				4CF364202588A96300E60F6F /* Main.storyboard */,
				4CF364232588A96400E60F6F /* Assets.xcassets */,
				4CF364252588A96400E60F6F /* LaunchScreen.storyboard */,
				4CF364282588A96400E60F6F /* Info.plist */,
			);
			path = BlackHelper;
			sourceTree = "<group>";
		};
		4CF364302588A96400E60F6F /* BlackHelperTests */ = {
			isa = PBXGroup;
			children = (
				4CF364312588A96400E60F6F /* BlackHelperTests.swift */,
				4CF364332588A96400E60F6F /* Info.plist */,
			);
			path = BlackHelperTests;
			sourceTree = "<group>";
		};
		4CF3643B2588A96400E60F6F /* BlackHelperUITests */ = {
			isa = PBXGroup;
			children = (
				4CF3643C2588A96400E60F6F /* BlackHelperUITests.swift */,
				4CF3643E2588A96400E60F6F /* Info.plist */,
			);
			path = BlackHelperUITests;
			sourceTree = "<group>";
		};
		9702F8FBD504C383CAE8A66E /* Pods */ = {
			isa = PBXGroup;
			children = (
				5D1CFB1D0DADDE3947B60EA4 /* Pods-BlackHelper.debug.xcconfig */,
				D7F3F93C7208ACF964E6BD92 /* Pods-BlackHelper.release.xcconfig */,
				5E02B1C0C8A9ABE93B1F6D81 /* Pods-BlackHelper-BlackHelperUITests.debug.xcconfig */,
				AD9ABFCFC5992FB339090CCF /* Pods-BlackHelper-BlackHelperUITests.release.xcconfig */,
				23DBC9D2C81CFA8861AC5741 /* Pods-BlackHelperTests.debug.xcconfig */,
				5CC354FE5F23FC4A2C5E8DBE /* Pods-BlackHelperTests.release.xcconfig */,
			);
			path = Pods;
			sourceTree = "<group>";
		};
		CA024B5553062A521360EE29 /* Frameworks */ = {
			isa = PBXGroup;
			children = (
				7EFE91C820A6BDD709145BD8 /* Pods_BlackHelper.framework */,
				70C54EBEC1D9D7B8F8DDA19B /* Pods_BlackHelper_BlackHelperUITests.framework */,
				45F2743B645D2968FACB90C1 /* Pods_BlackHelperTests.framework */,
			);
			name = Frameworks;
			sourceTree = "<group>";
		};
/* End PBXGroup section */

/* Begin PBXNativeTarget section */
		4CF364162588A96300E60F6F /* BlackHelper */ = {
			isa = PBXNativeTarget;
			buildConfigurationList = 4CF364412588A96400E60F6F /* Build configuration list for PBXNativeTarget "BlackHelper" */;
			buildPhases = (
				E5F682CB9D93300A4E7529A6 /* [CP] Check Pods Manifest.lock */,
				4CF364132588A96300E60F6F /* Sources */,
				4CF364142588A96300E60F6F /* Frameworks */,
				4CF364152588A96300E60F6F /* Resources */,
				13DE3B69DE3F1F73613EA968 /* [CP] Embed Pods Frameworks */,
			);
			buildRules = (
			);
			dependencies = (
			);
			name = BlackHelper;
			productName = BlackHelper;
			productReference = 4CF364172588A96300E60F6F /* BlackHelper.app */;
			productType = "com.apple.product-type.application";
		};
		4CF3642C2588A96400E60F6F /* BlackHelperTests */ = {
			isa = PBXNativeTarget;
			buildConfigurationList = 4CF364442588A96400E60F6F /* Build configuration list for PBXNativeTarget "BlackHelperTests" */;
			buildPhases = (
				EB7A0C8CEF61C4C227EF9E06 /* [CP] Check Pods Manifest.lock */,
				4CF364292588A96400E60F6F /* Sources */,
				4CF3642A2588A96400E60F6F /* Frameworks */,
				4CF3642B2588A96400E60F6F /* Resources */,
			);
			buildRules = (
			);
			dependencies = (
				4CF3642F2588A96400E60F6F /* PBXTargetDependency */,
			);
			name = BlackHelperTests;
			productName = BlackHelperTests;
			productReference = 4CF3642D2588A96400E60F6F /* BlackHelperTests.xctest */;
			productType = "com.apple.product-type.bundle.unit-test";
		};
		4CF364372588A96400E60F6F /* BlackHelperUITests */ = {
			isa = PBXNativeTarget;
			buildConfigurationList = 4CF364472588A96400E60F6F /* Build configuration list for PBXNativeTarget "BlackHelperUITests" */;
			buildPhases = (
				60CA24120AE087906DDEF30B /* [CP] Check Pods Manifest.lock */,
				4CF364342588A96400E60F6F /* Sources */,
				4CF364352588A96400E60F6F /* Frameworks */,
				4CF364362588A96400E60F6F /* Resources */,
				6999E6D07D404BD24E9FD63B /* [CP] Embed Pods Frameworks */,
			);
			buildRules = (
			);
			dependencies = (
				4CF3643A2588A96400E60F6F /* PBXTargetDependency */,
			);
			name = BlackHelperUITests;
			productName = BlackHelperUITests;
			productReference = 4CF364382588A96400E60F6F /* BlackHelperUITests.xctest */;
			productType = "com.apple.product-type.bundle.ui-testing";
		};
/* End PBXNativeTarget section */

/* Begin PBXProject section */
		4CF3640F2588A96300E60F6F /* Project object */ = {
			isa = PBXProject;
			attributes = {
				LastSwiftUpdateCheck = 1220;
				LastUpgradeCheck = 1220;
				TargetAttributes = {
					4CF364162588A96300E60F6F = {
						CreatedOnToolsVersion = 12.2;
					};
					4CF3642C2588A96400E60F6F = {
						CreatedOnToolsVersion = 12.2;
						TestTargetID = 4CF364162588A96300E60F6F;
					};
					4CF364372588A96400E60F6F = {
						CreatedOnToolsVersion = 12.2;
						TestTargetID = 4CF364162588A96300E60F6F;
					};
				};
			};
			buildConfigurationList = 4CF364122588A96300E60F6F /* Build configuration list for PBXProject "BlackHelper" */;
			compatibilityVersion = "Xcode 9.3";
			developmentRegion = en;
			hasScannedForEncodings = 0;
			knownRegions = (
				en,
				Base,
			);
			mainGroup = 4CF3640E2588A96300E60F6F;
			productRefGroup = 4CF364182588A96300E60F6F /* Products */;
			projectDirPath = "";
			projectRoot = "";
			targets = (
				4CF364162588A96300E60F6F /* BlackHelper */,
				4CF3642C2588A96400E60F6F /* BlackHelperTests */,
				4CF364372588A96400E60F6F /* BlackHelperUITests */,
			);
		};
/* End PBXProject section */

/* Begin PBXResourcesBuildPhase section */
		4CF364152588A96300E60F6F /* Resources */ = {
			isa = PBXResourcesBuildPhase;
			buildActionMask = 2147483647;
			files = (
				4CF364272588A96400E60F6F /* LaunchScreen.storyboard in Resources */,
				4CF364242588A96400E60F6F /* Assets.xcassets in Resources */,
				4CF364222588A96300E60F6F /* Main.storyboard in Resources */,
			);
			runOnlyForDeploymentPostprocessing = 0;
		};
		4CF3642B2588A96400E60F6F /* Resources */ = {
			isa = PBXResourcesBuildPhase;
			buildActionMask = 2147483647;
			files = (
			);
			runOnlyForDeploymentPostprocessing = 0;
		};
		4CF364362588A96400E60F6F /* Resources */ = {
			isa = PBXResourcesBuildPhase;
			buildActionMask = 2147483647;
			files = (
			);
			runOnlyForDeploymentPostprocessing = 0;
		};
/* End PBXResourcesBuildPhase section */

/* Begin PBXShellScriptBuildPhase section */
		13DE3B69DE3F1F73613EA968 /* [CP] Embed Pods Frameworks */ = {
			isa = PBXShellScriptBuildPhase;
			buildActionMask = 2147483647;
			files = (
			);
			inputFileListPaths = (
				"${PODS_ROOT}/Target Support Files/Pods-BlackHelper/Pods-BlackHelper-frameworks-${CONFIGURATION}-input-files.xcfilelist",
			);
			name = "[CP] Embed Pods Frameworks";
			outputFileListPaths = (
				"${PODS_ROOT}/Target Support Files/Pods-BlackHelper/Pods-BlackHelper-frameworks-${CONFIGURATION}-output-files.xcfilelist",
			);
			runOnlyForDeploymentPostprocessing = 0;
			shellPath = /bin/sh;
			shellScript = "\"${PODS_ROOT}/Target Support Files/Pods-BlackHelper/Pods-BlackHelper-frameworks.sh\"\n";
			showEnvVarsInLog = 0;
		};
		60CA24120AE087906DDEF30B /* [CP] Check Pods Manifest.lock */ = {
			isa = PBXShellScriptBuildPhase;
			buildActionMask = 2147483647;
			files = (
			);
			inputFileListPaths = (
			);
			inputPaths = (
				"${PODS_PODFILE_DIR_PATH}/Podfile.lock",
				"${PODS_ROOT}/Manifest.lock",
			);
			name = "[CP] Check Pods Manifest.lock";
			outputFileListPaths = (
			);
			outputPaths = (
				"$(DERIVED_FILE_DIR)/Pods-BlackHelper-BlackHelperUITests-checkManifestLockResult.txt",
			);
			runOnlyForDeploymentPostprocessing = 0;
			shellPath = /bin/sh;
			shellScript = "diff \"${PODS_PODFILE_DIR_PATH}/Podfile.lock\" \"${PODS_ROOT}/Manifest.lock\" > /dev/null\nif [ $? != 0 ] ; then\n    # print error to STDERR\n    echo \"error: The sandbox is not in sync with the Podfile.lock. Run 'pod install' or update your CocoaPods installation.\" >&2\n    exit 1\nfi\n# This output is used by Xcode 'outputs' to avoid re-running this script phase.\necho \"SUCCESS\" > \"${SCRIPT_OUTPUT_FILE_0}\"\n";
			showEnvVarsInLog = 0;
		};
		6999E6D07D404BD24E9FD63B /* [CP] Embed Pods Frameworks */ = {
			isa = PBXShellScriptBuildPhase;
			buildActionMask = 2147483647;
			files = (
			);
			inputFileListPaths = (
				"${PODS_ROOT}/Target Support Files/Pods-BlackHelper-BlackHelperUITests/Pods-BlackHelper-BlackHelperUITests-frameworks-${CONFIGURATION}-input-files.xcfilelist",
			);
			name = "[CP] Embed Pods Frameworks";
			outputFileListPaths = (
				"${PODS_ROOT}/Target Support Files/Pods-BlackHelper-BlackHelperUITests/Pods-BlackHelper-BlackHelperUITests-frameworks-${CONFIGURATION}-output-files.xcfilelist",
			);
			runOnlyForDeploymentPostprocessing = 0;
			shellPath = /bin/sh;
			shellScript = "\"${PODS_ROOT}/Target Support Files/Pods-BlackHelper-BlackHelperUITests/Pods-BlackHelper-BlackHelperUITests-frameworks.sh\"\n";
			showEnvVarsInLog = 0;
		};
		E5F682CB9D93300A4E7529A6 /* [CP] Check Pods Manifest.lock */ = {
			isa = PBXShellScriptBuildPhase;
			buildActionMask = 2147483647;
			files = (
			);
			inputFileListPaths = (
			);
			inputPaths = (
				"${PODS_PODFILE_DIR_PATH}/Podfile.lock",
				"${PODS_ROOT}/Manifest.lock",
			);
			name = "[CP] Check Pods Manifest.lock";
			outputFileListPaths = (
			);
			outputPaths = (
				"$(DERIVED_FILE_DIR)/Pods-BlackHelper-checkManifestLockResult.txt",
			);
			runOnlyForDeploymentPostprocessing = 0;
			shellPath = /bin/sh;
			shellScript = "diff \"${PODS_PODFILE_DIR_PATH}/Podfile.lock\" \"${PODS_ROOT}/Manifest.lock\" > /dev/null\nif [ $? != 0 ] ; then\n    # print error to STDERR\n    echo \"error: The sandbox is not in sync with the Podfile.lock. Run 'pod install' or update your CocoaPods installation.\" >&2\n    exit 1\nfi\n# This output is used by Xcode 'outputs' to avoid re-running this script phase.\necho \"SUCCESS\" > \"${SCRIPT_OUTPUT_FILE_0}\"\n";
			showEnvVarsInLog = 0;
		};
		EB7A0C8CEF61C4C227EF9E06 /* [CP] Check Pods Manifest.lock */ = {
			isa = PBXShellScriptBuildPhase;
			buildActionMask = 2147483647;
			files = (
			);
			inputFileListPaths = (
			);
			inputPaths = (
				"${PODS_PODFILE_DIR_PATH}/Podfile.lock",
				"${PODS_ROOT}/Manifest.lock",
			);
			name = "[CP] Check Pods Manifest.lock";
			outputFileListPaths = (
			);
			outputPaths = (
				"$(DERIVED_FILE_DIR)/Pods-BlackHelperTests-checkManifestLockResult.txt",
			);
			runOnlyForDeploymentPostprocessing = 0;
			shellPath = /bin/sh;
			shellScript = "diff \"${PODS_PODFILE_DIR_PATH}/Podfile.lock\" \"${PODS_ROOT}/Manifest.lock\" > /dev/null\nif [ $? != 0 ] ; then\n    # print error to STDERR\n    echo \"error: The sandbox is not in sync with the Podfile.lock. Run 'pod install' or update your CocoaPods installation.\" >&2\n    exit 1\nfi\n# This output is used by Xcode 'outputs' to avoid re-running this script phase.\necho \"SUCCESS\" > \"${SCRIPT_OUTPUT_FILE_0}\"\n";
			showEnvVarsInLog = 0;
		};
/* End PBXShellScriptBuildPhase section */

/* Begin PBXSourcesBuildPhase section */
		4CF364132588A96300E60F6F /* Sources */ = {
			isa = PBXSourcesBuildPhase;
			buildActionMask = 2147483647;
			files = (
				4C69D303258A0D9B0019D033 /* HomeViewController.swift in Sources */,
				4CF3641F2588A96300E60F6F /* MainViewController.swift in Sources */,
				4CF3645A2588CE5200E60F6F /* WebLoginViewController.swift in Sources */,
				4C69D33A258A4B720019D033 /* Project.swift in Sources */,
				4CF3641B2588A96300E60F6F /* AppDelegate.swift in Sources */,
				4C69D379258B0D8F0019D033 /* Constants.swift in Sources */,
				4CF3641D2588A96300E60F6F /* SceneDelegate.swift in Sources */,
				4C569C37258B66510040C705 /* ChatViewController.swift in Sources */,
				17096B20258B7E9500B183B7 /* IRCServerInputParser.swift in Sources */,
				17096B18258B768C00B183B7 /* IRC.swift in Sources */,
				4C69D319258A30320019D033 /* Cadet.swift in Sources */,
			);
			runOnlyForDeploymentPostprocessing = 0;
		};
		4CF364292588A96400E60F6F /* Sources */ = {
			isa = PBXSourcesBuildPhase;
			buildActionMask = 2147483647;
			files = (
				4CF364322588A96400E60F6F /* BlackHelperTests.swift in Sources */,
			);
			runOnlyForDeploymentPostprocessing = 0;
		};
		4CF364342588A96400E60F6F /* Sources */ = {
			isa = PBXSourcesBuildPhase;
			buildActionMask = 2147483647;
			files = (
				4CF3643D2588A96400E60F6F /* BlackHelperUITests.swift in Sources */,
			);
			runOnlyForDeploymentPostprocessing = 0;
		};
/* End PBXSourcesBuildPhase section */

/* Begin PBXTargetDependency section */
		4CF3642F2588A96400E60F6F /* PBXTargetDependency */ = {
			isa = PBXTargetDependency;
			target = 4CF364162588A96300E60F6F /* BlackHelper */;
			targetProxy = 4CF3642E2588A96400E60F6F /* PBXContainerItemProxy */;
		};
		4CF3643A2588A96400E60F6F /* PBXTargetDependency */ = {
			isa = PBXTargetDependency;
			target = 4CF364162588A96300E60F6F /* BlackHelper */;
			targetProxy = 4CF364392588A96400E60F6F /* PBXContainerItemProxy */;
		};
/* End PBXTargetDependency section */

/* Begin PBXVariantGroup section */
		4CF364202588A96300E60F6F /* Main.storyboard */ = {
			isa = PBXVariantGroup;
			children = (
				4CF364212588A96300E60F6F /* Base */,
			);
			name = Main.storyboard;
			sourceTree = "<group>";
		};
		4CF364252588A96400E60F6F /* LaunchScreen.storyboard */ = {
			isa = PBXVariantGroup;
			children = (
				4CF364262588A96400E60F6F /* Base */,
			);
			name = LaunchScreen.storyboard;
			sourceTree = "<group>";
		};
/* End PBXVariantGroup section */

/* Begin XCBuildConfiguration section */
		4CF3643F2588A96400E60F6F /* Debug */ = {
			isa = XCBuildConfiguration;
			buildSettings = {
				ALWAYS_SEARCH_USER_PATHS = NO;
				CLANG_ANALYZER_NONNULL = YES;
				CLANG_ANALYZER_NUMBER_OBJECT_CONVERSION = YES_AGGRESSIVE;
				CLANG_CXX_LANGUAGE_STANDARD = "gnu++14";
				CLANG_CXX_LIBRARY = "libc++";
				CLANG_ENABLE_MODULES = YES;
				CLANG_ENABLE_OBJC_ARC = YES;
				CLANG_ENABLE_OBJC_WEAK = YES;
				CLANG_WARN_BLOCK_CAPTURE_AUTORELEASING = YES;
				CLANG_WARN_BOOL_CONVERSION = YES;
				CLANG_WARN_COMMA = YES;
				CLANG_WARN_CONSTANT_CONVERSION = YES;
				CLANG_WARN_DEPRECATED_OBJC_IMPLEMENTATIONS = YES;
				CLANG_WARN_DIRECT_OBJC_ISA_USAGE = YES_ERROR;
				CLANG_WARN_DOCUMENTATION_COMMENTS = YES;
				CLANG_WARN_EMPTY_BODY = YES;
				CLANG_WARN_ENUM_CONVERSION = YES;
				CLANG_WARN_INFINITE_RECURSION = YES;
				CLANG_WARN_INT_CONVERSION = YES;
				CLANG_WARN_NON_LITERAL_NULL_CONVERSION = YES;
				CLANG_WARN_OBJC_IMPLICIT_RETAIN_SELF = YES;
				CLANG_WARN_OBJC_LITERAL_CONVERSION = YES;
				CLANG_WARN_OBJC_ROOT_CLASS = YES_ERROR;
				CLANG_WARN_QUOTED_INCLUDE_IN_FRAMEWORK_HEADER = YES;
				CLANG_WARN_RANGE_LOOP_ANALYSIS = YES;
				CLANG_WARN_STRICT_PROTOTYPES = YES;
				CLANG_WARN_SUSPICIOUS_MOVE = YES;
				CLANG_WARN_UNGUARDED_AVAILABILITY = YES_AGGRESSIVE;
				CLANG_WARN_UNREACHABLE_CODE = YES;
				CLANG_WARN__DUPLICATE_METHOD_MATCH = YES;
				COPY_PHASE_STRIP = NO;
				DEBUG_INFORMATION_FORMAT = dwarf;
				ENABLE_STRICT_OBJC_MSGSEND = YES;
				ENABLE_TESTABILITY = YES;
				GCC_C_LANGUAGE_STANDARD = gnu11;
				GCC_DYNAMIC_NO_PIC = NO;
				GCC_NO_COMMON_BLOCKS = YES;
				GCC_OPTIMIZATION_LEVEL = 0;
				GCC_PREPROCESSOR_DEFINITIONS = (
					"DEBUG=1",
					"$(inherited)",
				);
				GCC_WARN_64_TO_32_BIT_CONVERSION = YES;
				GCC_WARN_ABOUT_RETURN_TYPE = YES_ERROR;
				GCC_WARN_UNDECLARED_SELECTOR = YES;
				GCC_WARN_UNINITIALIZED_AUTOS = YES_AGGRESSIVE;
				GCC_WARN_UNUSED_FUNCTION = YES;
				GCC_WARN_UNUSED_VARIABLE = YES;
				IPHONEOS_DEPLOYMENT_TARGET = 13.0;
				MTL_ENABLE_DEBUG_INFO = INCLUDE_SOURCE;
				MTL_FAST_MATH = YES;
				ONLY_ACTIVE_ARCH = YES;
				SDKROOT = iphoneos;
				SWIFT_ACTIVE_COMPILATION_CONDITIONS = DEBUG;
				SWIFT_OPTIMIZATION_LEVEL = "-Onone";
			};
			name = Debug;
		};
		4CF364402588A96400E60F6F /* Release */ = {
			isa = XCBuildConfiguration;
			buildSettings = {
				ALWAYS_SEARCH_USER_PATHS = NO;
				CLANG_ANALYZER_NONNULL = YES;
				CLANG_ANALYZER_NUMBER_OBJECT_CONVERSION = YES_AGGRESSIVE;
				CLANG_CXX_LANGUAGE_STANDARD = "gnu++14";
				CLANG_CXX_LIBRARY = "libc++";
				CLANG_ENABLE_MODULES = YES;
				CLANG_ENABLE_OBJC_ARC = YES;
				CLANG_ENABLE_OBJC_WEAK = YES;
				CLANG_WARN_BLOCK_CAPTURE_AUTORELEASING = YES;
				CLANG_WARN_BOOL_CONVERSION = YES;
				CLANG_WARN_COMMA = YES;
				CLANG_WARN_CONSTANT_CONVERSION = YES;
				CLANG_WARN_DEPRECATED_OBJC_IMPLEMENTATIONS = YES;
				CLANG_WARN_DIRECT_OBJC_ISA_USAGE = YES_ERROR;
				CLANG_WARN_DOCUMENTATION_COMMENTS = YES;
				CLANG_WARN_EMPTY_BODY = YES;
				CLANG_WARN_ENUM_CONVERSION = YES;
				CLANG_WARN_INFINITE_RECURSION = YES;
				CLANG_WARN_INT_CONVERSION = YES;
				CLANG_WARN_NON_LITERAL_NULL_CONVERSION = YES;
				CLANG_WARN_OBJC_IMPLICIT_RETAIN_SELF = YES;
				CLANG_WARN_OBJC_LITERAL_CONVERSION = YES;
				CLANG_WARN_OBJC_ROOT_CLASS = YES_ERROR;
				CLANG_WARN_QUOTED_INCLUDE_IN_FRAMEWORK_HEADER = YES;
				CLANG_WARN_RANGE_LOOP_ANALYSIS = YES;
				CLANG_WARN_STRICT_PROTOTYPES = YES;
				CLANG_WARN_SUSPICIOUS_MOVE = YES;
				CLANG_WARN_UNGUARDED_AVAILABILITY = YES_AGGRESSIVE;
				CLANG_WARN_UNREACHABLE_CODE = YES;
				CLANG_WARN__DUPLICATE_METHOD_MATCH = YES;
				COPY_PHASE_STRIP = NO;
				DEBUG_INFORMATION_FORMAT = "dwarf-with-dsym";
				ENABLE_NS_ASSERTIONS = NO;
				ENABLE_STRICT_OBJC_MSGSEND = YES;
				GCC_C_LANGUAGE_STANDARD = gnu11;
				GCC_NO_COMMON_BLOCKS = YES;
				GCC_WARN_64_TO_32_BIT_CONVERSION = YES;
				GCC_WARN_ABOUT_RETURN_TYPE = YES_ERROR;
				GCC_WARN_UNDECLARED_SELECTOR = YES;
				GCC_WARN_UNINITIALIZED_AUTOS = YES_AGGRESSIVE;
				GCC_WARN_UNUSED_FUNCTION = YES;
				GCC_WARN_UNUSED_VARIABLE = YES;
				IPHONEOS_DEPLOYMENT_TARGET = 13.0;
				MTL_ENABLE_DEBUG_INFO = NO;
				MTL_FAST_MATH = YES;
				SDKROOT = iphoneos;
				SWIFT_COMPILATION_MODE = wholemodule;
				SWIFT_OPTIMIZATION_LEVEL = "-O";
				VALIDATE_PRODUCT = YES;
			};
			name = Release;
		};
		4CF364422588A96400E60F6F /* Debug */ = {
			isa = XCBuildConfiguration;
			baseConfigurationReference = 5D1CFB1D0DADDE3947B60EA4 /* Pods-BlackHelper.debug.xcconfig */;
			buildSettings = {
				ASSETCATALOG_COMPILER_APPICON_NAME = AppIcon;
				ASSETCATALOG_COMPILER_GLOBAL_ACCENT_COLOR_NAME = AccentColor;
				CODE_SIGN_STYLE = Automatic;
				DEVELOPMENT_TEAM = A7NLL8RWAU;
				INFOPLIST_FILE = BlackHelper/Info.plist;
				IPHONEOS_DEPLOYMENT_TARGET = 13.0;
				LD_RUNPATH_SEARCH_PATHS = (
					"$(inherited)",
					"@executable_path/Frameworks",
				);
				PRODUCT_BUNDLE_IDENTIFIER = "-2seoul.BlackHelper";
				PRODUCT_NAME = "$(TARGET_NAME)";
				SWIFT_VERSION = 5.0;
				TARGETED_DEVICE_FAMILY = "1,2";
			};
			name = Debug;
		};
		4CF364432588A96400E60F6F /* Release */ = {
			isa = XCBuildConfiguration;
			baseConfigurationReference = D7F3F93C7208ACF964E6BD92 /* Pods-BlackHelper.release.xcconfig */;
			buildSettings = {
				ASSETCATALOG_COMPILER_APPICON_NAME = AppIcon;
				ASSETCATALOG_COMPILER_GLOBAL_ACCENT_COLOR_NAME = AccentColor;
				CODE_SIGN_STYLE = Automatic;
				DEVELOPMENT_TEAM = A7NLL8RWAU;
				INFOPLIST_FILE = BlackHelper/Info.plist;
				IPHONEOS_DEPLOYMENT_TARGET = 13.0;
				LD_RUNPATH_SEARCH_PATHS = (
					"$(inherited)",
					"@executable_path/Frameworks",
				);
				PRODUCT_BUNDLE_IDENTIFIER = "-2seoul.BlackHelper";
				PRODUCT_NAME = "$(TARGET_NAME)";
				SWIFT_VERSION = 5.0;
				TARGETED_DEVICE_FAMILY = "1,2";
			};
			name = Release;
		};
		4CF364452588A96400E60F6F /* Debug */ = {
			isa = XCBuildConfiguration;
			baseConfigurationReference = 23DBC9D2C81CFA8861AC5741 /* Pods-BlackHelperTests.debug.xcconfig */;
			buildSettings = {
				ALWAYS_EMBED_SWIFT_STANDARD_LIBRARIES = YES;
				BUNDLE_LOADER = "$(TEST_HOST)";
				CODE_SIGN_STYLE = Automatic;
				DEVELOPMENT_TEAM = A7NLL8RWAU;
				INFOPLIST_FILE = BlackHelperTests/Info.plist;
				IPHONEOS_DEPLOYMENT_TARGET = 14.2;
				LD_RUNPATH_SEARCH_PATHS = (
					"$(inherited)",
					"@executable_path/Frameworks",
					"@loader_path/Frameworks",
				);
				PRODUCT_BUNDLE_IDENTIFIER = "-2seoul.BlackHelperTests";
				PRODUCT_NAME = "$(TARGET_NAME)";
				SWIFT_VERSION = 5.0;
				TARGETED_DEVICE_FAMILY = "1,2";
				TEST_HOST = "$(BUILT_PRODUCTS_DIR)/BlackHelper.app/BlackHelper";
			};
			name = Debug;
		};
		4CF364462588A96400E60F6F /* Release */ = {
			isa = XCBuildConfiguration;
			baseConfigurationReference = 5CC354FE5F23FC4A2C5E8DBE /* Pods-BlackHelperTests.release.xcconfig */;
			buildSettings = {
				ALWAYS_EMBED_SWIFT_STANDARD_LIBRARIES = YES;
				BUNDLE_LOADER = "$(TEST_HOST)";
				CODE_SIGN_STYLE = Automatic;
				DEVELOPMENT_TEAM = A7NLL8RWAU;
				INFOPLIST_FILE = BlackHelperTests/Info.plist;
				IPHONEOS_DEPLOYMENT_TARGET = 14.2;
				LD_RUNPATH_SEARCH_PATHS = (
					"$(inherited)",
					"@executable_path/Frameworks",
					"@loader_path/Frameworks",
				);
				PRODUCT_BUNDLE_IDENTIFIER = "-2seoul.BlackHelperTests";
				PRODUCT_NAME = "$(TARGET_NAME)";
				SWIFT_VERSION = 5.0;
				TARGETED_DEVICE_FAMILY = "1,2";
				TEST_HOST = "$(BUILT_PRODUCTS_DIR)/BlackHelper.app/BlackHelper";
			};
			name = Release;
		};
		4CF364482588A96400E60F6F /* Debug */ = {
			isa = XCBuildConfiguration;
			baseConfigurationReference = 5E02B1C0C8A9ABE93B1F6D81 /* Pods-BlackHelper-BlackHelperUITests.debug.xcconfig */;
			buildSettings = {
				ALWAYS_EMBED_SWIFT_STANDARD_LIBRARIES = YES;
				CODE_SIGN_STYLE = Automatic;
				DEVELOPMENT_TEAM = A7NLL8RWAU;
				INFOPLIST_FILE = BlackHelperUITests/Info.plist;
				LD_RUNPATH_SEARCH_PATHS = (
					"$(inherited)",
					"@executable_path/Frameworks",
					"@loader_path/Frameworks",
				);
				PRODUCT_BUNDLE_IDENTIFIER = "-2seoul.BlackHelperUITests";
				PRODUCT_NAME = "$(TARGET_NAME)";
				SWIFT_VERSION = 5.0;
				TARGETED_DEVICE_FAMILY = "1,2";
				TEST_TARGET_NAME = BlackHelper;
			};
			name = Debug;
		};
		4CF364492588A96400E60F6F /* Release */ = {
			isa = XCBuildConfiguration;
			baseConfigurationReference = AD9ABFCFC5992FB339090CCF /* Pods-BlackHelper-BlackHelperUITests.release.xcconfig */;
			buildSettings = {
				ALWAYS_EMBED_SWIFT_STANDARD_LIBRARIES = YES;
				CODE_SIGN_STYLE = Automatic;
				DEVELOPMENT_TEAM = A7NLL8RWAU;
				INFOPLIST_FILE = BlackHelperUITests/Info.plist;
				LD_RUNPATH_SEARCH_PATHS = (
					"$(inherited)",
					"@executable_path/Frameworks",
					"@loader_path/Frameworks",
				);
				PRODUCT_BUNDLE_IDENTIFIER = "-2seoul.BlackHelperUITests";
				PRODUCT_NAME = "$(TARGET_NAME)";
				SWIFT_VERSION = 5.0;
				TARGETED_DEVICE_FAMILY = "1,2";
				TEST_TARGET_NAME = BlackHelper;
			};
			name = Release;
		};
/* End XCBuildConfiguration section */

/* Begin XCConfigurationList section */
		4CF364122588A96300E60F6F /* Build configuration list for PBXProject "BlackHelper" */ = {
			isa = XCConfigurationList;
			buildConfigurations = (
				4CF3643F2588A96400E60F6F /* Debug */,
				4CF364402588A96400E60F6F /* Release */,
			);
			defaultConfigurationIsVisible = 0;
			defaultConfigurationName = Release;
		};
		4CF364412588A96400E60F6F /* Build configuration list for PBXNativeTarget "BlackHelper" */ = {
			isa = XCConfigurationList;
			buildConfigurations = (
				4CF364422588A96400E60F6F /* Debug */,
				4CF364432588A96400E60F6F /* Release */,
			);
			defaultConfigurationIsVisible = 0;
			defaultConfigurationName = Release;
		};
		4CF364442588A96400E60F6F /* Build configuration list for PBXNativeTarget "BlackHelperTests" */ = {
			isa = XCConfigurationList;
			buildConfigurations = (
				4CF364452588A96400E60F6F /* Debug */,
				4CF364462588A96400E60F6F /* Release */,
			);
			defaultConfigurationIsVisible = 0;
			defaultConfigurationName = Release;
		};
		4CF364472588A96400E60F6F /* Build configuration list for PBXNativeTarget "BlackHelperUITests" */ = {
			isa = XCConfigurationList;
			buildConfigurations = (
				4CF364482588A96400E60F6F /* Debug */,
				4CF364492588A96400E60F6F /* Release */,
			);
			defaultConfigurationIsVisible = 0;
			defaultConfigurationName = Release;
		};
/* End XCConfigurationList section */
	};
	rootObject = 4CF3640F2588A96300E60F6F /* Project object */;
}
